
Microsoft Visual Studio Solution File, Format Version 12.00
# Visual Studio Version 16
VisualStudioVersion = 16.0.30204.135
MinimumVisualStudioVersion = 10.0.40219.1
Project("{FAE04EC0-301F-11D3-BF4B-00C04F79EFBC}") = "ConsoleAppFrameworkSample", "ConsoleAppFrameworkSample\ConsoleAppFrameworkSample.csproj", "{B441FEB4-6055-4B86-B73A-9F7B11A177B5}"
EndProject
Global
	GlobalSection(SolutionConfigurationPlatforms) = preSolution
		Debug|Any CPU = Debug|Any CPU
		Release|Any CPU = Release|Any CPU
	EndGlobalSection
	GlobalSection(ProjectConfigurationPlatforms) = postSolution
		{B441FEB4-6055-4B86-B73A-9F7B11A177B5}.Debug|Any CPU.ActiveCfg = Debug|Any CPU
		{B441FEB4-6055-4B86-B73A-9F7B11A177B5}.Debug|Any CPU.Build.0 = Debug|Any CPU
		{B441FEB4-6055-4B86-B73A-9F7B11A177B5}.Release|Any CPU.ActiveCfg = Release|Any CPU
		{B441FEB4-6055-4B86-B73A-9F7B11A177B5}.Release|Any CPU.Build.0 = Release|Any CPU
	EndGlobalSection
	GlobalSection(SolutionProperties) = preSolution
		HideSolutionNode = FALSE
	EndGlobalSection
	GlobalSection(ExtensibilityGlobals) = postSolution
		SolutionGuid = {ACA76444-BA4B-4150-B32C-A949816AF734}
	EndGlobalSection
EndGlobal
